
Microsoft Visual Studio Solution File, Format Version 12.00
# Visual Studio Version 17
VisualStudioVersion = 17.3.32804.467
MinimumVisualStudioVersion = 10.0.40219.1
Project("{FAE04EC0-301F-11D3-BF4B-00C04F79EFBC}") = "EHR_Patient", "WindowsFormsApp1\EHR_Patient.csproj", "{716ACB18-045C-4D3C-8B94-1981E168D6BD}"
EndProject
Project("{FAE04EC0-301F-11D3-BF4B-00C04F79EFBC}") = "EHR - Pharmacy", "EHR - Pharmacy\EHR - Pharmacy.csproj", "{CCCEF1E4-9058-4F73-BF1A-3BD65F53AEBC}"
EndProject
Project("{FAE04EC0-301F-11D3-BF4B-00C04F79EFBC}") = "EHR-Hospital", "EHR-Hospital\EHR-Hospital.csproj", "{CEBF8995-FFA3-4770-A572-9D2EE8715513}"
EndProject
Project("{FAE04EC0-301F-11D3-BF4B-00C04F79EFBC}") = "EHR-Lab", "EHR-Lab\EHR-Lab.csproj", "{C99F18EB-FCCA-41E6-B934-50F3540F9B5D}"
EndProject
Global
	GlobalSection(SolutionConfigurationPlatforms) = preSolution
		Debug|Any CPU = Debug|Any CPU
		Debug|x64 = Debug|x64
		Debug|x86 = Debug|x86
		Release|Any CPU = Release|Any CPU
		Release|x64 = Release|x64
		Release|x86 = Release|x86
	EndGlobalSection
	GlobalSection(ProjectConfigurationPlatforms) = postSolution
		{716ACB18-045C-4D3C-8B94-1981E168D6BD}.Debug|Any CPU.ActiveCfg = Debug|Any CPU
		{716ACB18-045C-4D3C-8B94-1981E168D6BD}.Debug|Any CPU.Build.0 = Debug|Any CPU
		{716ACB18-045C-4D3C-8B94-1981E168D6BD}.Debug|x64.ActiveCfg = Debug|Any CPU
		{716ACB18-045C-4D3C-8B94-1981E168D6BD}.Debug|x64.Build.0 = Debug|Any CPU
		{716ACB18-045C-4D3C-8B94-1981E168D6BD}.Debug|x86.ActiveCfg = Debug|Any CPU
		{716ACB18-045C-4D3C-8B94-1981E168D6BD}.Debug|x86.Build.0 = Debug|Any CPU
		{716ACB18-045C-4D3C-8B94-1981E168D6BD}.Release|Any CPU.ActiveCfg = Release|Any CPU
		{716ACB18-045C-4D3C-8B94-1981E168D6BD}.Release|Any CPU.Build.0 = Release|Any CPU
		{716ACB18-045C-4D3C-8B94-1981E168D6BD}.Release|x64.ActiveCfg = Release|Any CPU
		{716ACB18-045C-4D3C-8B94-1981E168D6BD}.Release|x64.Build.0 = Release|Any CPU
		{716ACB18-045C-4D3C-8B94-1981E168D6BD}.Release|x86.ActiveCfg = Release|Any CPU
		{716ACB18-045C-4D3C-8B94-1981E168D6BD}.Release|x86.Build.0 = Release|Any CPU
		{CCCEF1E4-9058-4F73-BF1A-3BD65F53AEBC}.Debug|Any CPU.ActiveCfg = Debug|Any CPU
		{CCCEF1E4-9058-4F73-BF1A-3BD65F53AEBC}.Debug|Any CPU.Build.0 = Debug|Any CPU
		{CCCEF1E4-9058-4F73-BF1A-3BD65F53AEBC}.Debug|x64.ActiveCfg = Debug|Any CPU
		{CCCEF1E4-9058-4F73-BF1A-3BD65F53AEBC}.Debug|x64.Build.0 = Debug|Any CPU
		{CCCEF1E4-9058-4F73-BF1A-3BD65F53AEBC}.Debug|x86.ActiveCfg = Debug|Any CPU
		{CCCEF1E4-9058-4F73-BF1A-3BD65F53AEBC}.Debug|x86.Build.0 = Debug|Any CPU
		{CCCEF1E4-9058-4F73-BF1A-3BD65F53AEBC}.Release|Any CPU.ActiveCfg = Release|Any CPU
		{CCCEF1E4-9058-4F73-BF1A-3BD65F53AEBC}.Release|Any CPU.Build.0 = Release|Any CPU
		{CCCEF1E4-9058-4F73-BF1A-3BD65F53AEBC}.Release|x64.ActiveCfg = Release|Any CPU
		{CCCEF1E4-9058-4F73-BF1A-3BD65F53AEBC}.Release|x64.Build.0 = Release|Any CPU
		{CCCEF1E4-9058-4F73-BF1A-3BD65F53AEBC}.Release|x86.ActiveCfg = Release|Any CPU
		{CCCEF1E4-9058-4F73-BF1A-3BD65F53AEBC}.Release|x86.Build.0 = Release|Any CPU
		{CEBF8995-FFA3-4770-A572-9D2EE8715513}.Debug|Any CPU.ActiveCfg = Debug|Any CPU
		{CEBF8995-FFA3-4770-A572-9D2EE8715513}.Debug|Any CPU.Build.0 = Debug|Any CPU
		{CEBF8995-FFA3-4770-A572-9D2EE8715513}.Debug|x64.ActiveCfg = Debug|Any CPU
		{CEBF8995-FFA3-4770-A572-9D2EE8715513}.Debug|x64.Build.0 = Debug|Any CPU
		{CEBF8995-FFA3-4770-A572-9D2EE8715513}.Debug|x86.ActiveCfg = Debug|Any CPU
		{CEBF8995-FFA3-4770-A572-9D2EE8715513}.Debug|x86.Build.0 = Debug|Any CPU
		{CEBF8995-FFA3-4770-A572-9D2EE8715513}.Release|Any CPU.ActiveCfg = Release|Any CPU
		{CEBF8995-FFA3-4770-A572-9D2EE8715513}.Release|Any CPU.Build.0 = Release|Any CPU
		{CEBF8995-FFA3-4770-A572-9D2EE8715513}.Release|x64.ActiveCfg = Release|Any CPU
		{CEBF8995-FFA3-4770-A572-9D2EE8715513}.Release|x64.Build.0 = Release|Any CPU
		{CEBF8995-FFA3-4770-A572-9D2EE8715513}.Release|x86.ActiveCfg = Release|Any CPU
		{CEBF8995-FFA3-4770-A572-9D2EE8715513}.Release|x86.Build.0 = Release|Any CPU
		{C99F18EB-FCCA-41E6-B934-50F3540F9B5D}.Debug|Any CPU.ActiveCfg = Debug|Any CPU
		{C99F18EB-FCCA-41E6-B934-50F3540F9B5D}.Debug|Any CPU.Build.0 = Debug|Any CPU
		{C99F18EB-FCCA-41E6-B934-50F3540F9B5D}.Debug|x64.ActiveCfg = Debug|Any CPU
		{C99F18EB-FCCA-41E6-B934-50F3540F9B5D}.Debug|x64.Build.0 = Debug|Any CPU
		{C99F18EB-FCCA-41E6-B934-50F3540F9B5D}.Debug|x86.ActiveCfg = Debug|Any CPU
		{C99F18EB-FCCA-41E6-B934-50F3540F9B5D}.Debug|x86.Build.0 = Debug|Any CPU
		{C99F18EB-FCCA-41E6-B934-50F3540F9B5D}.Release|Any CPU.ActiveCfg = Release|Any CPU
		{C99F18EB-FCCA-41E6-B934-50F3540F9B5D}.Release|Any CPU.Build.0 = Release|Any CPU
		{C99F18EB-FCCA-41E6-B934-50F3540F9B5D}.Release|x64.ActiveCfg = Release|Any CPU
		{C99F18EB-FCCA-41E6-B934-50F3540F9B5D}.Release|x64.Build.0 = Release|Any CPU
		{C99F18EB-FCCA-41E6-B934-50F3540F9B5D}.Release|x86.ActiveCfg = Release|Any CPU
		{C99F18EB-FCCA-41E6-B934-50F3540F9B5D}.Release|x86.Build.0 = Release|Any CPU
	EndGlobalSection
	GlobalSection(SolutionProperties) = preSolution
		HideSolutionNode = FALSE
	EndGlobalSection
	GlobalSection(ExtensibilityGlobals) = postSolution
		SolutionGuid = {E710AADA-AE97-4093-BA65-A92203ED22BF}
	EndGlobalSection
EndGlobal
