
Microsoft Visual Studio Solution File, Format Version 12.00
# Visual Studio Version 17
VisualStudioVersion = 17.3.32804.467
MinimumVisualStudioVersion = 10.0.40219.1
Project("{FAE04EC0-301F-11D3-BF4B-00C04F79EFBC}") = "EHR", "WindowsFormsApp1\EHR.csproj", "{716ACB18-045C-4D3C-8B94-1981E168D6BD}"
EndProject
Global
	GlobalSection(SolutionConfigurationPlatforms) = preSolution
		Debug|Any CPU = Debug|Any CPU
		Release|Any CPU = Release|Any CPU
	EndGlobalSection
	GlobalSection(ProjectConfigurationPlatforms) = postSolution
		{716ACB18-045C-4D3C-8B94-1981E168D6BD}.Debug|Any CPU.ActiveCfg = Debug|Any CPU
		{716ACB18-045C-4D3C-8B94-1981E168D6BD}.Debug|Any CPU.Build.0 = Debug|Any CPU
		{716ACB18-045C-4D3C-8B94-1981E168D6BD}.Release|Any CPU.ActiveCfg = Release|Any CPU
		{716ACB18-045C-4D3C-8B94-1981E168D6BD}.Release|Any CPU.Build.0 = Release|Any CPU
	EndGlobalSection
	GlobalSection(SolutionProperties) = preSolution
		HideSolutionNode = FALSE
	EndGlobalSection
	GlobalSection(ExtensibilityGlobals) = postSolution
		SolutionGuid = {E710AADA-AE97-4093-BA65-A92203ED22BF}
	EndGlobalSection
EndGlobal
